
Microsoft Visual Studio Solution File, Format Version 12.00
# Visual Studio Version 17
VisualStudioVersion = 17.4.33213.308
MinimumVisualStudioVersion = 10.0.40219.1
Project("{9A19103F-16F7-4668-BE54-9A1E7A4F7556}") = "A2ERP", "A2ERP\A2ERP.csproj", "{6DDBCDB7-CBFF-4CB9-A00B-A3ED5822FDC9}"
EndProject
Project("{9A19103F-16F7-4668-BE54-9A1E7A4F7556}") = "A2ERP.Data", "A2ERP.Data\A2ERP.Data.csproj", "{7F9686D5-F8AD-4EC8-B46E-2E2AB6FEDE77}"
EndProject
Project("{FAE04EC0-301F-11D3-BF4B-00C04F79EFBC}") = "A2ERP.Models", "A2ERP.Models\A2ERP.Models.csproj", "{C129F5C3-4D6A-4542-A2B0-ACBAA652DEF4}"
EndProject
Project("{FAE04EC0-301F-11D3-BF4B-00C04F79EFBC}") = "A2ERP.Repository", "A2ERP.Repository\A2ERP.Repository.csproj", "{66B6AA25-7A8F-49F3-A06E-33D8FA4C1A07}"
EndProject
Global
	GlobalSection(SolutionConfigurationPlatforms) = preSolution
		Debug|Any CPU = Debug|Any CPU
		Release|Any CPU = Release|Any CPU
	EndGlobalSection
	GlobalSection(ProjectConfigurationPlatforms) = postSolution
		{6DDBCDB7-CBFF-4CB9-A00B-A3ED5822FDC9}.Debug|Any CPU.ActiveCfg = Debug|Any CPU
		{6DDBCDB7-CBFF-4CB9-A00B-A3ED5822FDC9}.Debug|Any CPU.Build.0 = Debug|Any CPU
		{6DDBCDB7-CBFF-4CB9-A00B-A3ED5822FDC9}.Release|Any CPU.ActiveCfg = Release|Any CPU
		{6DDBCDB7-CBFF-4CB9-A00B-A3ED5822FDC9}.Release|Any CPU.Build.0 = Release|Any CPU
		{7F9686D5-F8AD-4EC8-B46E-2E2AB6FEDE77}.Debug|Any CPU.ActiveCfg = Debug|Any CPU
		{7F9686D5-F8AD-4EC8-B46E-2E2AB6FEDE77}.Debug|Any CPU.Build.0 = Debug|Any CPU
		{7F9686D5-F8AD-4EC8-B46E-2E2AB6FEDE77}.Release|Any CPU.ActiveCfg = Release|Any CPU
		{7F9686D5-F8AD-4EC8-B46E-2E2AB6FEDE77}.Release|Any CPU.Build.0 = Release|Any CPU
		{C129F5C3-4D6A-4542-A2B0-ACBAA652DEF4}.Debug|Any CPU.ActiveCfg = Debug|Any CPU
		{C129F5C3-4D6A-4542-A2B0-ACBAA652DEF4}.Debug|Any CPU.Build.0 = Debug|Any CPU
		{C129F5C3-4D6A-4542-A2B0-ACBAA652DEF4}.Release|Any CPU.ActiveCfg = Release|Any CPU
		{C129F5C3-4D6A-4542-A2B0-ACBAA652DEF4}.Release|Any CPU.Build.0 = Release|Any CPU
		{66B6AA25-7A8F-49F3-A06E-33D8FA4C1A07}.Debug|Any CPU.ActiveCfg = Debug|Any CPU
		{66B6AA25-7A8F-49F3-A06E-33D8FA4C1A07}.Debug|Any CPU.Build.0 = Debug|Any CPU
		{66B6AA25-7A8F-49F3-A06E-33D8FA4C1A07}.Release|Any CPU.ActiveCfg = Release|Any CPU
		{66B6AA25-7A8F-49F3-A06E-33D8FA4C1A07}.Release|Any CPU.Build.0 = Release|Any CPU
	EndGlobalSection
	GlobalSection(SolutionProperties) = preSolution
		HideSolutionNode = FALSE
	EndGlobalSection
	GlobalSection(ExtensibilityGlobals) = postSolution
		SolutionGuid = {159948FC-24CC-45F1-8309-17CF29C28688}
	EndGlobalSection
EndGlobal
